
Microsoft Visual Studio Solution File, Format Version 11.00
# Visual Studio 2010
Project("{FAE04EC0-301F-11D3-BF4B-00C04F79EFBC}") = "GesColecoesWeb.Data", "GesColecoesWeb.Data\GesColecoesWeb.Data.csproj", "{7362979F-E69D-46F5-A857-2B0F631F326A}"
EndProject
Project("{FAE04EC0-301F-11D3-BF4B-00C04F79EFBC}") = "GesColecoesWeb", "GesColecoesWeb\GesColecoesWeb.csproj", "{53FA4F86-00DC-428B-AB85-4C345E51502C}"
EndProject
Global
	GlobalSection(SolutionConfigurationPlatforms) = preSolution
		Debug|Any CPU = Debug|Any CPU
		Debug|Mixed Platforms = Debug|Mixed Platforms
		Debug|x86 = Debug|x86
		Release|Any CPU = Release|Any CPU
		Release|Mixed Platforms = Release|Mixed Platforms
		Release|x86 = Release|x86
	EndGlobalSection
	GlobalSection(ProjectConfigurationPlatforms) = postSolution
		{7362979F-E69D-46F5-A857-2B0F631F326A}.Debug|Any CPU.ActiveCfg = Debug|Any CPU
		{7362979F-E69D-46F5-A857-2B0F631F326A}.Debug|Any CPU.Build.0 = Debug|Any CPU
		{7362979F-E69D-46F5-A857-2B0F631F326A}.Debug|Mixed Platforms.ActiveCfg = Debug|Any CPU
		{7362979F-E69D-46F5-A857-2B0F631F326A}.Debug|Mixed Platforms.Build.0 = Debug|Any CPU
		{7362979F-E69D-46F5-A857-2B0F631F326A}.Debug|x86.ActiveCfg = Debug|Any CPU
		{7362979F-E69D-46F5-A857-2B0F631F326A}.Release|Any CPU.ActiveCfg = Release|Any CPU
		{7362979F-E69D-46F5-A857-2B0F631F326A}.Release|Any CPU.Build.0 = Release|Any CPU
		{7362979F-E69D-46F5-A857-2B0F631F326A}.Release|Mixed Platforms.ActiveCfg = Release|Any CPU
		{7362979F-E69D-46F5-A857-2B0F631F326A}.Release|Mixed Platforms.Build.0 = Release|Any CPU
		{7362979F-E69D-46F5-A857-2B0F631F326A}.Release|x86.ActiveCfg = Release|Any CPU
		{53FA4F86-00DC-428B-AB85-4C345E51502C}.Debug|Any CPU.ActiveCfg = Debug|Any CPU
		{53FA4F86-00DC-428B-AB85-4C345E51502C}.Debug|Any CPU.Build.0 = Debug|Any CPU
		{53FA4F86-00DC-428B-AB85-4C345E51502C}.Debug|Mixed Platforms.ActiveCfg = Debug|Any CPU
		{53FA4F86-00DC-428B-AB85-4C345E51502C}.Debug|Mixed Platforms.Build.0 = Debug|Any CPU
		{53FA4F86-00DC-428B-AB85-4C345E51502C}.Debug|x86.ActiveCfg = Debug|Any CPU
		{53FA4F86-00DC-428B-AB85-4C345E51502C}.Release|Any CPU.ActiveCfg = Release|Any CPU
		{53FA4F86-00DC-428B-AB85-4C345E51502C}.Release|Any CPU.Build.0 = Release|Any CPU
		{53FA4F86-00DC-428B-AB85-4C345E51502C}.Release|Mixed Platforms.ActiveCfg = Release|Any CPU
		{53FA4F86-00DC-428B-AB85-4C345E51502C}.Release|Mixed Platforms.Build.0 = Release|Any CPU
		{53FA4F86-00DC-428B-AB85-4C345E51502C}.Release|x86.ActiveCfg = Release|Any CPU
	EndGlobalSection
	GlobalSection(SolutionProperties) = preSolution
		HideSolutionNode = FALSE
	EndGlobalSection
EndGlobal
